
Microsoft Visual Studio Solution File, Format Version 12.00
# Visual Studio 15
VisualStudioVersion = 15.0.25807.0
MinimumVisualStudioVersion = 10.0.40219.1
Project("{2150E333-8FDC-42A3-9474-1A3956D46DE8}") = "Engine", "Engine", "{2CEBAE06-4A70-4038-BD0A-94D6F568981B}"
EndProject
Project("{2150E333-8FDC-42A3-9474-1A3956D46DE8}") = "Enterprise", "Enterprise", "{39F7CD75-74BA-4AA7-AF07-B2E0729E063C}"
EndProject
Project("{2150E333-8FDC-42A3-9474-1A3956D46DE8}") = "Games", "Games", "{4BF1069C-6472-48BC-9FDD-AA98C5470AA5}"
EndProject
Project("{8BC9CEB8-8B4A-11D0-8D11-00A0C91BC942}") = "UE4", "Intermediate\ProjectFiles\UE4.vcxproj", "{2BB59FF8-2D76-4D39-B8C8-B2396FB6EEA5}"
EndProject
Project("{8BC9CEB8-8B4A-11D0-8D11-00A0C91BC942}") = "Studio", "Intermediate\ProjectFiles\Studio.vcxproj", "{B137BEA4-2881-4EDC-A6AF-9AE46A585C8A}"
EndProject
Project("{8BC9CEB8-8B4A-11D0-8D11-00A0C91BC942}") = "ExptSetup_V02", "Intermediate\ProjectFiles\ExptSetup_V02.vcxproj", "{6FD77017-3E1E-4E68-9A19-8D02ED7D5627}"
EndProject
Project("{2150E333-8FDC-42A3-9474-1A3956D46DE8}") = "Visualizers", "Visualizers", "{D90D1A97-5D05-45CF-A762-AD472CA896C3}"
	ProjectSection(SolutionItems) = preProject
		..\..\..\..\Program Files\Epic Games\UE_4.21\Engine\Extras\VisualStudioDebugging\UE4.natvis = ..\..\..\..\Program Files\Epic Games\UE_4.21\Engine\Extras\VisualStudioDebugging\UE4.natvis
	EndProjectSection
EndProject
Global
	GlobalSection(SolutionConfigurationPlatforms) = preSolution
		DebugGame Editor|HTML5 = DebugGame Editor|HTML5
		DebugGame Editor|Win32 = DebugGame Editor|Win32
		DebugGame Editor|Win64 = DebugGame Editor|Win64
		DebugGame|HTML5 = DebugGame|HTML5
		DebugGame|Win32 = DebugGame|Win32
		DebugGame|Win64 = DebugGame|Win64
		Development Editor|HTML5 = Development Editor|HTML5
		Development Editor|Win32 = Development Editor|Win32
		Development Editor|Win64 = Development Editor|Win64
		Development|HTML5 = Development|HTML5
		Development|Win32 = Development|Win32
		Development|Win64 = Development|Win64
		Shipping|HTML5 = Shipping|HTML5
		Shipping|Win32 = Shipping|Win32
		Shipping|Win64 = Shipping|Win64
	EndGlobalSection
	GlobalSection(ProjectConfigurationPlatforms) = postSolution
		{2BB59FF8-2D76-4D39-B8C8-B2396FB6EEA5}.DebugGame Editor|HTML5.ActiveCfg = BuiltWithUnrealBuildTool|Win32
		{2BB59FF8-2D76-4D39-B8C8-B2396FB6EEA5}.DebugGame Editor|Win32.ActiveCfg = BuiltWithUnrealBuildTool|Win32
		{2BB59FF8-2D76-4D39-B8C8-B2396FB6EEA5}.DebugGame Editor|Win64.ActiveCfg = BuiltWithUnrealBuildTool|Win32
		{2BB59FF8-2D76-4D39-B8C8-B2396FB6EEA5}.DebugGame|HTML5.ActiveCfg = BuiltWithUnrealBuildTool|Win32
		{2BB59FF8-2D76-4D39-B8C8-B2396FB6EEA5}.DebugGame|Win32.ActiveCfg = BuiltWithUnrealBuildTool|Win32
		{2BB59FF8-2D76-4D39-B8C8-B2396FB6EEA5}.DebugGame|Win64.ActiveCfg = BuiltWithUnrealBuildTool|Win32
		{2BB59FF8-2D76-4D39-B8C8-B2396FB6EEA5}.Development Editor|HTML5.ActiveCfg = BuiltWithUnrealBuildTool|Win32
		{2BB59FF8-2D76-4D39-B8C8-B2396FB6EEA5}.Development Editor|Win32.ActiveCfg = BuiltWithUnrealBuildTool|Win32
		{2BB59FF8-2D76-4D39-B8C8-B2396FB6EEA5}.Development Editor|Win64.ActiveCfg = BuiltWithUnrealBuildTool|Win32
		{2BB59FF8-2D76-4D39-B8C8-B2396FB6EEA5}.Development|HTML5.ActiveCfg = BuiltWithUnrealBuildTool|Win32
		{2BB59FF8-2D76-4D39-B8C8-B2396FB6EEA5}.Development|Win32.ActiveCfg = BuiltWithUnrealBuildTool|Win32
		{2BB59FF8-2D76-4D39-B8C8-B2396FB6EEA5}.Development|Win64.ActiveCfg = BuiltWithUnrealBuildTool|Win32
		{2BB59FF8-2D76-4D39-B8C8-B2396FB6EEA5}.Shipping|HTML5.ActiveCfg = BuiltWithUnrealBuildTool|Win32
		{2BB59FF8-2D76-4D39-B8C8-B2396FB6EEA5}.Shipping|Win32.ActiveCfg = BuiltWithUnrealBuildTool|Win32
		{2BB59FF8-2D76-4D39-B8C8-B2396FB6EEA5}.Shipping|Win64.ActiveCfg = BuiltWithUnrealBuildTool|Win32
		{B137BEA4-2881-4EDC-A6AF-9AE46A585C8A}.DebugGame Editor|HTML5.ActiveCfg = BuiltWithUnrealBuildTool|Win32
		{B137BEA4-2881-4EDC-A6AF-9AE46A585C8A}.DebugGame Editor|Win32.ActiveCfg = BuiltWithUnrealBuildTool|Win32
		{B137BEA4-2881-4EDC-A6AF-9AE46A585C8A}.DebugGame Editor|Win64.ActiveCfg = BuiltWithUnrealBuildTool|Win32
		{B137BEA4-2881-4EDC-A6AF-9AE46A585C8A}.DebugGame|HTML5.ActiveCfg = BuiltWithUnrealBuildTool|Win32
		{B137BEA4-2881-4EDC-A6AF-9AE46A585C8A}.DebugGame|Win32.ActiveCfg = BuiltWithUnrealBuildTool|Win32
		{B137BEA4-2881-4EDC-A6AF-9AE46A585C8A}.DebugGame|Win64.ActiveCfg = BuiltWithUnrealBuildTool|Win32
		{B137BEA4-2881-4EDC-A6AF-9AE46A585C8A}.Development Editor|HTML5.ActiveCfg = BuiltWithUnrealBuildTool|Win32
		{B137BEA4-2881-4EDC-A6AF-9AE46A585C8A}.Development Editor|Win32.ActiveCfg = BuiltWithUnrealBuildTool|Win32
		{B137BEA4-2881-4EDC-A6AF-9AE46A585C8A}.Development Editor|Win64.ActiveCfg = BuiltWithUnrealBuildTool|Win32
		{B137BEA4-2881-4EDC-A6AF-9AE46A585C8A}.Development|HTML5.ActiveCfg = BuiltWithUnrealBuildTool|Win32
		{B137BEA4-2881-4EDC-A6AF-9AE46A585C8A}.Development|Win32.ActiveCfg = BuiltWithUnrealBuildTool|Win32
		{B137BEA4-2881-4EDC-A6AF-9AE46A585C8A}.Development|Win64.ActiveCfg = BuiltWithUnrealBuildTool|Win32
		{B137BEA4-2881-4EDC-A6AF-9AE46A585C8A}.Shipping|HTML5.ActiveCfg = BuiltWithUnrealBuildTool|Win32
		{B137BEA4-2881-4EDC-A6AF-9AE46A585C8A}.Shipping|Win32.ActiveCfg = BuiltWithUnrealBuildTool|Win32
		{B137BEA4-2881-4EDC-A6AF-9AE46A585C8A}.Shipping|Win64.ActiveCfg = BuiltWithUnrealBuildTool|Win32
		{6FD77017-3E1E-4E68-9A19-8D02ED7D5627}.DebugGame Editor|HTML5.ActiveCfg = Invalid|Win32
		{6FD77017-3E1E-4E68-9A19-8D02ED7D5627}.DebugGame Editor|Win32.ActiveCfg = Invalid|Win32
		{6FD77017-3E1E-4E68-9A19-8D02ED7D5627}.DebugGame Editor|Win64.ActiveCfg = DebugGame_Editor|x64
		{6FD77017-3E1E-4E68-9A19-8D02ED7D5627}.DebugGame Editor|Win64.Build.0 = DebugGame_Editor|x64
		{6FD77017-3E1E-4E68-9A19-8D02ED7D5627}.DebugGame|HTML5.ActiveCfg = HTML5_DebugGame|Win32
		{6FD77017-3E1E-4E68-9A19-8D02ED7D5627}.DebugGame|HTML5.Build.0 = HTML5_DebugGame|Win32
		{6FD77017-3E1E-4E68-9A19-8D02ED7D5627}.DebugGame|Win32.ActiveCfg = DebugGame|Win32
		{6FD77017-3E1E-4E68-9A19-8D02ED7D5627}.DebugGame|Win32.Build.0 = DebugGame|Win32
		{6FD77017-3E1E-4E68-9A19-8D02ED7D5627}.DebugGame|Win64.ActiveCfg = DebugGame|x64
		{6FD77017-3E1E-4E68-9A19-8D02ED7D5627}.DebugGame|Win64.Build.0 = DebugGame|x64
		{6FD77017-3E1E-4E68-9A19-8D02ED7D5627}.Development Editor|HTML5.ActiveCfg = Invalid|Win32
		{6FD77017-3E1E-4E68-9A19-8D02ED7D5627}.Development Editor|Win32.ActiveCfg = Invalid|Win32
		{6FD77017-3E1E-4E68-9A19-8D02ED7D5627}.Development Editor|Win64.ActiveCfg = Development_Editor|x64
		{6FD77017-3E1E-4E68-9A19-8D02ED7D5627}.Development Editor|Win64.Build.0 = Development_Editor|x64
		{6FD77017-3E1E-4E68-9A19-8D02ED7D5627}.Development|HTML5.ActiveCfg = HTML5_Development|Win32
		{6FD77017-3E1E-4E68-9A19-8D02ED7D5627}.Development|HTML5.Build.0 = HTML5_Development|Win32
		{6FD77017-3E1E-4E68-9A19-8D02ED7D5627}.Development|Win32.ActiveCfg = Development|Win32
		{6FD77017-3E1E-4E68-9A19-8D02ED7D5627}.Development|Win32.Build.0 = Development|Win32
		{6FD77017-3E1E-4E68-9A19-8D02ED7D5627}.Development|Win64.ActiveCfg = Development|x64
		{6FD77017-3E1E-4E68-9A19-8D02ED7D5627}.Development|Win64.Build.0 = Development|x64
		{6FD77017-3E1E-4E68-9A19-8D02ED7D5627}.Shipping|HTML5.ActiveCfg = HTML5_Shipping|Win32
		{6FD77017-3E1E-4E68-9A19-8D02ED7D5627}.Shipping|HTML5.Build.0 = HTML5_Shipping|Win32
		{6FD77017-3E1E-4E68-9A19-8D02ED7D5627}.Shipping|Win32.ActiveCfg = Shipping|Win32
		{6FD77017-3E1E-4E68-9A19-8D02ED7D5627}.Shipping|Win32.Build.0 = Shipping|Win32
		{6FD77017-3E1E-4E68-9A19-8D02ED7D5627}.Shipping|Win64.ActiveCfg = Shipping|x64
		{6FD77017-3E1E-4E68-9A19-8D02ED7D5627}.Shipping|Win64.Build.0 = Shipping|x64
	EndGlobalSection
	GlobalSection(SolutionProperties) = preSolution
		HideSolutionNode = FALSE
	EndGlobalSection
	GlobalSection(NestedProjects) = preSolution
		{2BB59FF8-2D76-4D39-B8C8-B2396FB6EEA5} = {2CEBAE06-4A70-4038-BD0A-94D6F568981B}
		{B137BEA4-2881-4EDC-A6AF-9AE46A585C8A} = {39F7CD75-74BA-4AA7-AF07-B2E0729E063C}
		{6FD77017-3E1E-4E68-9A19-8D02ED7D5627} = {4BF1069C-6472-48BC-9FDD-AA98C5470AA5}
	EndGlobalSection
EndGlobal
